
Microsoft Visual Studio Solution File, Format Version 12.00
# Visual Studio 15
VisualStudioVersion = 15.0.28307.329
MinimumVisualStudioVersion = 10.0.40219.1
Project("{FAE04EC0-301F-11D3-BF4B-00C04F79EFBC}") = "SECCCU", "SECCCU\SECCCU.csproj", "{7EE6056B-95F6-4FA1-A0A0-D628999FDCF1}"
EndProject
Global
	GlobalSection(SolutionConfigurationPlatforms) = preSolution
		Debug|Any CPU = Debug|Any CPU
		Release|Any CPU = Release|Any CPU
	EndGlobalSection
	GlobalSection(ProjectConfigurationPlatforms) = postSolution
		{7EE6056B-95F6-4FA1-A0A0-D628999FDCF1}.Debug|Any CPU.ActiveCfg = Debug|Any CPU
		{7EE6056B-95F6-4FA1-A0A0-D628999FDCF1}.Debug|Any CPU.Build.0 = Debug|Any CPU
		{7EE6056B-95F6-4FA1-A0A0-D628999FDCF1}.Release|Any CPU.ActiveCfg = Release|Any CPU
		{7EE6056B-95F6-4FA1-A0A0-D628999FDCF1}.Release|Any CPU.Build.0 = Release|Any CPU
	EndGlobalSection
	GlobalSection(SolutionProperties) = preSolution
		HideSolutionNode = FALSE
	EndGlobalSection
	GlobalSection(ExtensibilityGlobals) = postSolution
		SolutionGuid = {F4C5E854-D486-4670-A517-2104409D188C}
	EndGlobalSection
EndGlobal
